# This file is autogenerated, do not edit; changes may be undone by the next 'dep ensure'.


[[projects]]
  digest = "1:573fa46f8d413d4bc3f7cc5e86b2c43cb21559f4fb0a19d9874d228e28fdc07c"
  name = "github.com/PuerkitoBio/goquery"
  packages = ["."]
  pruneopts = "UT"
  revision = "2d2796f41742ece03e8086188fa4db16a3a0b458"
  version = "v1.5.0"

[[projects]]
  digest = "1:66b3310cf22cdc96c35ef84ede4f7b9b370971c4025f394c89a2638729653b11"
  name = "github.com/andybalholm/cascadia"
  packages = ["."]
  pruneopts = "UT"
  revision = "901648c87902174f774fac311d7f176f8647bdaa"
  version = "v1.0.0"

[[projects]]
  digest = "1:ffe9824d294da03b391f44e1ae8281281b4afc1bdaa9588c9097785e3af10cec"
  name = "github.com/davecgh/go-spew"
  packages = ["spew"]
  pruneopts = "UT"
  revision = "8991bc29aa16c548c550c7ff78260e27b9ab7c73"
  version = "v1.1.1"

[[projects]]
  digest = "1:33082c63746b464db3d1c2c07a1396d860484d97fe857ef9e8668a9b406db09f"
  name = "github.com/go-redis/redis"
  packages = [
    ".",
    "internal",
    "internal/consistenthash",
    "internal/hashtag",
    "internal/pool",
    "internal/proto",
    "internal/util",
  ]
  pruneopts = "UT"
  revision = "d22fde8721cc915a55aeb6b00944a76a92bfeb6e"
  version = "v6.15.2"

[[projects]]
  digest = "1:318f1c959a8a740366fce4b1e1eb2fd914036b4af58fbd0a003349b305f118ad"
  name = "github.com/golang/protobuf"
  packages = ["proto"]
  pruneopts = "UT"
  revision = "b5d812f8a3706043e23a9cd5babf2e5423744d30"
  version = "v1.3.1"

[[projects]]
  digest = "1:7b5c6e2eeaa9ae5907c391a91c132abfd5c9e8a784a341b5625e750c67e6825d"
  name = "github.com/gorilla/websocket"
  packages = ["."]
  pruneopts = "UT"
  revision = "66b9c49e59c6c48f0ffce28c2d8b8a5678502c6d"
  version = "v1.4.0"

[[projects]]
  digest = "1:870d441fe217b8e689d7949fef6e43efbc787e50f200cb1e70dbca9204a1d6be"
  name = "github.com/inconshreveable/mousetrap"
  packages = ["."]
  pruneopts = "UT"
  revision = "76626ae9c91c4f2a10f34cad8ce83ea42c93bb75"
  version = "v1.0"

[[projects]]
  branch = "master"
  digest = "1:5c3444689562053b027ef3b96372e306adbe0d7d109b6cdd48d01eb80f8bab14"
  name = "github.com/jinzhu/copier"
  packages = ["."]
  pruneopts = "UT"
  revision = "7e38e58719c33e0d44d585c4ab477a30f8cb82dd"

[[projects]]
  digest = "1:808cdddf087fb64baeae67b8dfaee2069034d9704923a3cb8bd96a995421a625"
  name = "github.com/patrickmn/go-cache"
  packages = ["."]
  pruneopts = "UT"
  revision = "a3647f8e31d79543b2d0f0ae2fe5c379d72cedc0"
  version = "v2.1.0"

[[projects]]
  digest = "1:0028cb19b2e4c3112225cd871870f2d9cf49b9b4276531f03438a88e94be86fe"
  name = "github.com/pmezard/go-difflib"
  packages = ["difflib"]
  pruneopts = "UT"
  revision = "792786c7400a136282c1664665ae0a8db921c6c2"
  version = "v1.0.0"

[[projects]]
  digest = "1:274f67cb6fed9588ea2521ecdac05a6d62a8c51c074c1fccc6a49a40ba80e925"
  name = "github.com/satori/go.uuid"
  packages = ["."]
  pruneopts = "UT"
  revision = "f58768cc1a7a7e77a3bd49e98cdd21419399b6a3"
  version = "v1.2.0"

[[projects]]
  digest = "1:645cabccbb4fa8aab25a956cbcbdf6a6845ca736b2c64e197ca7cbb9d210b939"
  name = "github.com/spf13/cobra"
  packages = ["."]
  pruneopts = "UT"
  revision = "ef82de70bb3f60c65fb8eebacbb2d122ef517385"
  version = "v0.0.3"

[[projects]]
  digest = "1:c1b1102241e7f645bc8e0c22ae352e8f0dc6484b6cb4d132fa9f24174e0119e2"
  name = "github.com/spf13/pflag"
  packages = ["."]
  pruneopts = "UT"
  revision = "298182f68c66c05229eb03ac171abe6e309ee79a"
  version = "v1.0.3"

[[projects]]
  digest = "1:5da8ce674952566deae4dbc23d07c85caafc6cfa815b0b3e03e41979cedb8750"
  name = "github.com/stretchr/testify"
  packages = [
    "assert",
    "require",
  ]
  pruneopts = "UT"
  revision = "ffdc059bfe9ce6a4e144ba849dbedead332c6053"
  version = "v1.3.0"

[[projects]]
  digest = "1:3810ea14d85aabc511e032f8c817e4f2276af72ea4346f223725e0aaaf1f5c10"
  name = "github.com/vmihailenco/msgpack"
  packages = [
    ".",
    "codes",
  ]
  pruneopts = "UT"
  revision = "b962d79429a3c5135cca9ed528943f1551ec04df"
  version = "v4.0.2"

[[projects]]
  branch = "master"
  digest = "1:243c645f2efeedf284b1b8b56b8f8c585632cb16e5493a10f15e3263fbb4efc2"
  name = "golang.org/x/net"
  packages = [
    "context",
    "html",
    "html/atom",
  ]
  pruneopts = "UT"
  revision = "d196dffd7c2beec1957382065df08bcc353b9706"

[[projects]]
  digest = "1:56dfffc6e6ceeaebb6db73e02a846a92a850c53130078682993bd028a2ef717d"
  name = "google.golang.org/appengine"
  packages = [
    ".",
    "datastore",
    "internal",
    "internal/app_identity",
    "internal/base",
    "internal/datastore",
    "internal/log",
    "internal/modules",
    "internal/remote_api",
  ]
  pruneopts = "UT"
  revision = "e9657d882bb81064595ca3b56cbe2546bbabf7b1"
  version = "v1.4.0"

[solve-meta]
  analyzer-name = "dep"
  analyzer-version = 1
  input-imports = [
    "github.com/PuerkitoBio/goquery",
    "github.com/go-redis/redis",
    "github.com/gorilla/websocket",
    "github.com/jinzhu/copier",
    "github.com/patrickmn/go-cache",
    "github.com/satori/go.uuid",
    "github.com/spf13/cobra",
    "github.com/stretchr/testify/assert",
    "github.com/stretchr/testify/require",
    "github.com/vmihailenco/msgpack",
  ]
  solver-name = "gps-cdcl"
  solver-version = 1
